
Microsoft Visual Studio Solution File, Format Version 12.00
# Visual Studio Version 16
VisualStudioVersion = 16.0.31205.134
MinimumVisualStudioVersion = 10.0.40219.1
Project("{FAE04EC0-301F-11D3-BF4B-00C04F79EFBC}") = "CashRegister", "CashRegister\CashRegister.csproj", "{9959AE0F-32EA-444D-8736-81A0CAB7F7AF}"
EndProject
Global
	GlobalSection(SolutionConfigurationPlatforms) = preSolution
		Debug|Any CPU = Debug|Any CPU
		Release|Any CPU = Release|Any CPU
	EndGlobalSection
	GlobalSection(ProjectConfigurationPlatforms) = postSolution
		{9959AE0F-32EA-444D-8736-81A0CAB7F7AF}.Debug|Any CPU.ActiveCfg = Debug|Any CPU
		{9959AE0F-32EA-444D-8736-81A0CAB7F7AF}.Debug|Any CPU.Build.0 = Debug|Any CPU
		{9959AE0F-32EA-444D-8736-81A0CAB7F7AF}.Release|Any CPU.ActiveCfg = Release|Any CPU
		{9959AE0F-32EA-444D-8736-81A0CAB7F7AF}.Release|Any CPU.Build.0 = Release|Any CPU
	EndGlobalSection
	GlobalSection(SolutionProperties) = preSolution
		HideSolutionNode = FALSE
	EndGlobalSection
	GlobalSection(ExtensibilityGlobals) = postSolution
		SolutionGuid = {313A758D-EA4B-4214-A1ED-A460E33C9ADC}
	EndGlobalSection
EndGlobal
